
Microsoft Visual Studio Solution File, Format Version 12.00
# Visual Studio Version 16
VisualStudioVersion = 16.0.29123.88
MinimumVisualStudioVersion = 10.0.40219.1
Project("{151D2E53-A2C4-4D7D-83FE-D05416EBD58E}") = "AzureResourceGroup1", "AzureResourceGroup1\AzureResourceGroup1.deployproj", "{66E660DE-16C9-42F4-A04B-77EFF9C0FC68}"
EndProject
Global
	GlobalSection(SolutionConfigurationPlatforms) = preSolution
		Debug|Any CPU = Debug|Any CPU
		Release|Any CPU = Release|Any CPU
	EndGlobalSection
	GlobalSection(ProjectConfigurationPlatforms) = postSolution
		{66E660DE-16C9-42F4-A04B-77EFF9C0FC68}.Debug|Any CPU.ActiveCfg = Debug|Any CPU
		{66E660DE-16C9-42F4-A04B-77EFF9C0FC68}.Debug|Any CPU.Build.0 = Debug|Any CPU
		{66E660DE-16C9-42F4-A04B-77EFF9C0FC68}.Release|Any CPU.ActiveCfg = Release|Any CPU
		{66E660DE-16C9-42F4-A04B-77EFF9C0FC68}.Release|Any CPU.Build.0 = Release|Any CPU
	EndGlobalSection
	GlobalSection(SolutionProperties) = preSolution
		HideSolutionNode = FALSE
	EndGlobalSection
	GlobalSection(ExtensibilityGlobals) = postSolution
		SolutionGuid = {8DC1BE71-8C67-4631-9E57-20C2C80CC4A8}
	EndGlobalSection
EndGlobal
